Microsoft Visual Studio Solution File, Format Version 12.00
# Visual Studio Version 17
VisualStudioVersion = 17.5.2.0
MinimumVisualStudioVersion = 10.0.40219.1
Project("{FAE04EC0-301F-11D3-BF4B-00C04F79EFBC}") = "Hotellstatemanager", "Hotellstatemanager.csproj", "{8E02EA3B-5175-3D61-C3AA-653504BFC297}"
EndProject
Global
	GlobalSection(SolutionConfigurationPlatforms) = preSolution
		Debug|Any CPU = Debug|Any CPU
		Release|Any CPU = Release|Any CPU
	EndGlobalSection
	GlobalSection(ProjectConfigurationPlatforms) = postSolution
		{8E02EA3B-5175-3D61-C3AA-653504BFC297}.Debug|Any CPU.ActiveCfg = Debug|Any CPU
		{8E02EA3B-5175-3D61-C3AA-653504BFC297}.Debug|Any CPU.Build.0 = Debug|Any CPU
		{8E02EA3B-5175-3D61-C3AA-653504BFC297}.Release|Any CPU.ActiveCfg = Release|Any CPU
		{8E02EA3B-5175-3D61-C3AA-653504BFC297}.Release|Any CPU.Build.0 = Release|Any CPU
	EndGlobalSection
	GlobalSection(SolutionProperties) = preSolution
		HideSolutionNode = FALSE
	EndGlobalSection
	GlobalSection(ExtensibilityGlobals) = postSolution
		SolutionGuid = {2428855E-1D16-4EF3-809C-8426CFE61F9F}
	EndGlobalSection
EndGlobal
